
Microsoft Visual Studio Solution File, Format Version 12.00
# Visual Studio 14
VisualStudioVersion = 14.0.22310.1
MinimumVisualStudioVersion = 10.0.40219.1
Project("{2150E333-8FDC-42A3-9474-1A3956D46DE8}") = "src", "src", "{CCCB5A01-DA13-4A3F-A844-32946DBA116A}"
EndProject
Project("{8BB2217D-0F2D-49D1-97BC-3654ED321F3B}") = "EmptyWebApp1", "src\EmptyWebApp1\EmptyWebApp1.kproj", "{AA74A03D-275C-4286-9C80-729E7E3899B0}"
EndProject
Project("{2150E333-8FDC-42A3-9474-1A3956D46DE8}") = "Solution Items", "Solution Items", "{AC1D6862-EC10-4485-8D8C-1B73D1F405F8}"
	ProjectSection(SolutionItems) = preProject
		global.json = global.json
	EndProjectSection
EndProject
Global
	GlobalSection(SolutionConfigurationPlatforms) = preSolution
		Debug|Any CPU = Debug|Any CPU
		Release|Any CPU = Release|Any CPU
	EndGlobalSection
	GlobalSection(ProjectConfigurationPlatforms) = postSolution
		{AA74A03D-275C-4286-9C80-729E7E3899B0}.Debug|Any CPU.ActiveCfg = Debug|Any CPU
		{AA74A03D-275C-4286-9C80-729E7E3899B0}.Debug|Any CPU.Build.0 = Debug|Any CPU
		{AA74A03D-275C-4286-9C80-729E7E3899B0}.Release|Any CPU.ActiveCfg = Release|Any CPU
		{AA74A03D-275C-4286-9C80-729E7E3899B0}.Release|Any CPU.Build.0 = Release|Any CPU
	EndGlobalSection
	GlobalSection(SolutionProperties) = preSolution
		HideSolutionNode = FALSE
	EndGlobalSection
	GlobalSection(NestedProjects) = preSolution
		{AA74A03D-275C-4286-9C80-729E7E3899B0} = {CCCB5A01-DA13-4A3F-A844-32946DBA116A}
	EndGlobalSection
EndGlobal
